
Microsoft Visual Studio Solution File, Format Version 12.00
# Visual Studio Version 16
VisualStudioVersion = 16.0.30028.174
MinimumVisualStudioVersion = 10.0.40219.1
Project("{9A19103F-16F7-4668-BE54-9A1E7A4F7556}") = "Infra.RelayApiBuilder", "src\Infra.RelayApiBuilder\Infra.RelayApiBuilder.csproj", "{6F611F12-C760-4369-930C-7943CF5AF213}"
EndProject
Global
	GlobalSection(SolutionConfigurationPlatforms) = preSolution
		Debug|Any CPU = Debug|Any CPU
		Release|Any CPU = Release|Any CPU
	EndGlobalSection
	GlobalSection(ProjectConfigurationPlatforms) = postSolution
		{6F611F12-C760-4369-930C-7943CF5AF213}.Debug|Any CPU.ActiveCfg = Debug|Any CPU
		{6F611F12-C760-4369-930C-7943CF5AF213}.Debug|Any CPU.Build.0 = Debug|Any CPU
		{6F611F12-C760-4369-930C-7943CF5AF213}.Release|Any CPU.ActiveCfg = Release|Any CPU
		{6F611F12-C760-4369-930C-7943CF5AF213}.Release|Any CPU.Build.0 = Release|Any CPU
	EndGlobalSection
	GlobalSection(SolutionProperties) = preSolution
		HideSolutionNode = FALSE
	EndGlobalSection
	GlobalSection(ExtensibilityGlobals) = postSolution
		SolutionGuid = {FB4DF80F-8976-4CD8-B527-04F2DFC8D948}
	EndGlobalSection
EndGlobal
